
Microsoft Visual Studio Solution File, Format Version 12.00
# 
Project("{FAE04EC0-301F-11D3-BF4B-00C04F79EFBC}") = "MedReability.Api", "MedReability.Api\MedReability.Api.csproj", "{AF6DCAAC-F8DD-4448-8D15-ED4A600BAA1D}"
EndProject
Project("{FAE04EC0-301F-11D3-BF4B-00C04F79EFBC}") = "MedReability.Infrastructure", "MedReability.Infrastructure\MedReability.Infrastructure.csproj", "{B3BAD31E-0C94-46A8-B0BE-94E38761A814}"
EndProject
Project("{FAE04EC0-301F-11D3-BF4B-00C04F79EFBC}") = "MedReability.Domain", "MedReability.Domain\MedReability.Domain.csproj", "{C76CC541-6E4C-49DA-B723-6ABAB6768C69}"
EndProject
Project("{FAE04EC0-301F-11D3-BF4B-00C04F79EFBC}") = "MedReability.Application", "MedReability.Application\MedReability.Application.csproj", "{9D17E88F-C86E-485F-B5E3-A9D9A5FFB8B4}"
EndProject
Project("{FAE04EC0-301F-11D3-BF4B-00C04F79EFBC}") = "MedReability.Api.Tests", "MedReability.Api.Tests\MedReability.Api.Tests.csproj", "{D4F5887E-E80A-4507-860E-CCFD40B76B97}"
EndProject
Global
	GlobalSection(SolutionConfigurationPlatforms) = preSolution
		Debug|Any CPU = Debug|Any CPU
		Release|Any CPU = Release|Any CPU
	EndGlobalSection
	GlobalSection(ProjectConfigurationPlatforms) = postSolution
		{AF6DCAAC-F8DD-4448-8D15-ED4A600BAA1D}.Debug|Any CPU.ActiveCfg = Debug|Any CPU
		{AF6DCAAC-F8DD-4448-8D15-ED4A600BAA1D}.Debug|Any CPU.Build.0 = Debug|Any CPU
		{AF6DCAAC-F8DD-4448-8D15-ED4A600BAA1D}.Release|Any CPU.ActiveCfg = Release|Any CPU
		{AF6DCAAC-F8DD-4448-8D15-ED4A600BAA1D}.Release|Any CPU.Build.0 = Release|Any CPU
		{B3BAD31E-0C94-46A8-B0BE-94E38761A814}.Debug|Any CPU.ActiveCfg = Debug|Any CPU
		{B3BAD31E-0C94-46A8-B0BE-94E38761A814}.Debug|Any CPU.Build.0 = Debug|Any CPU
		{B3BAD31E-0C94-46A8-B0BE-94E38761A814}.Release|Any CPU.ActiveCfg = Release|Any CPU
		{B3BAD31E-0C94-46A8-B0BE-94E38761A814}.Release|Any CPU.Build.0 = Release|Any CPU
		{C76CC541-6E4C-49DA-B723-6ABAB6768C69}.Debug|Any CPU.ActiveCfg = Debug|Any CPU
		{C76CC541-6E4C-49DA-B723-6ABAB6768C69}.Debug|Any CPU.Build.0 = Debug|Any CPU
		{C76CC541-6E4C-49DA-B723-6ABAB6768C69}.Release|Any CPU.ActiveCfg = Release|Any CPU
		{C76CC541-6E4C-49DA-B723-6ABAB6768C69}.Release|Any CPU.Build.0 = Release|Any CPU
		{9D17E88F-C86E-485F-B5E3-A9D9A5FFB8B4}.Debug|Any CPU.ActiveCfg = Debug|Any CPU
		{9D17E88F-C86E-485F-B5E3-A9D9A5FFB8B4}.Debug|Any CPU.Build.0 = Debug|Any CPU
		{9D17E88F-C86E-485F-B5E3-A9D9A5FFB8B4}.Release|Any CPU.ActiveCfg = Release|Any CPU
		{9D17E88F-C86E-485F-B5E3-A9D9A5FFB8B4}.Release|Any CPU.Build.0 = Release|Any CPU
		{D4F5887E-E80A-4507-860E-CCFD40B76B97}.Debug|Any CPU.ActiveCfg = Debug|Any CPU
		{D4F5887E-E80A-4507-860E-CCFD40B76B97}.Debug|Any CPU.Build.0 = Debug|Any CPU
		{D4F5887E-E80A-4507-860E-CCFD40B76B97}.Release|Any CPU.ActiveCfg = Release|Any CPU
		{D4F5887E-E80A-4507-860E-CCFD40B76B97}.Release|Any CPU.Build.0 = Release|Any CPU
	EndGlobalSection
EndGlobal
